
Microsoft Visual Studio Solution File, Format Version 12.00
# Visual Studio Version 17
VisualStudioVersion = 17.14.36408.4 d17.14
MinimumVisualStudioVersion = 10.0.40219.1
Project("{FAE04EC0-301F-11D3-BF4B-00C04F79EFBC}") = "StacjaPogodowa", "StacjaPogodowa\StacjaPogodowa.csproj", "{C73FCC0F-DF3C-4B8B-A7E1-21DE2D95AB78}"
EndProject
Global
	GlobalSection(SolutionConfigurationPlatforms) = preSolution
		Debug|Any CPU = Debug|Any CPU
		Release|Any CPU = Release|Any CPU
	EndGlobalSection
	GlobalSection(ProjectConfigurationPlatforms) = postSolution
		{C73FCC0F-DF3C-4B8B-A7E1-21DE2D95AB78}.Debug|Any CPU.ActiveCfg = Debug|Any CPU
		{C73FCC0F-DF3C-4B8B-A7E1-21DE2D95AB78}.Debug|Any CPU.Build.0 = Debug|Any CPU
		{C73FCC0F-DF3C-4B8B-A7E1-21DE2D95AB78}.Release|Any CPU.ActiveCfg = Release|Any CPU
		{C73FCC0F-DF3C-4B8B-A7E1-21DE2D95AB78}.Release|Any CPU.Build.0 = Release|Any CPU
	EndGlobalSection
	GlobalSection(SolutionProperties) = preSolution
		HideSolutionNode = FALSE
	EndGlobalSection
	GlobalSection(ExtensibilityGlobals) = postSolution
		SolutionGuid = {2EA58F68-3DAB-4D4B-A317-E0DEEE76A38E}
	EndGlobalSection
EndGlobal
